// !$*UTF8*$!
{
	archiveVersion = 1;
	classes = {
	};
	objectVersion = 50;
	objects = {

/* Begin PBXBuildFile section */
		67306E0C21DEBCDB008C955A /* AppDelegate.swift in Sources */ = {isa = PBXBuildFile; fileRef = 67306E0B21DEBCDB008C955A /* AppDelegate.swift */; };
		67306E0E21DEBCDB008C955A /* RecordSoundsViewController.swift in Sources */ = {isa = PBXBuildFile; fileRef = 67306E0D21DEBCDB008C955A /* RecordSoundsViewController.swift */; };
		67306E1121DEBCDB008C955A /* Main.storyboard in Resources */ = {isa = PBXBuildFile; fileRef = 67306E0F21DEBCDB008C955A /* Main.storyboard */; };
		67306E1321DEBCDC008C955A /* Assets.xcassets in Resources */ = {isa = PBXBuildFile; fileRef = 67306E1221DEBCDC008C955A /* Assets.xcassets */; };
		67306E1621DEBCDC008C955A /* LaunchScreen.storyboard in Resources */ = {isa = PBXBuildFile; fileRef = 67306E1421DEBCDC008C955A /* LaunchScreen.storyboard */; };
		67306E2121DEBCDD008C955A /* PitchPerfectTests.swift in Sources */ = {isa = PBXBuildFile; fileRef = 67306E2021DEBCDD008C955A /* PitchPerfectTests.swift */; };
		67306E2C21DEBCDD008C955A /* PitchPerfectUITests.swift in Sources */ = {isa = PBXBuildFile; fileRef = 67306E2B21DEBCDD008C955A /* PitchPerfectUITests.swift */; };
		678DE7A721DFEB7600653591 /* PlaySoundsViewController.swift in Sources */ = {isa = PBXBuildFile; fileRef = 678DE7A621DFEB7600653591 /* PlaySoundsViewController.swift */; };
		67A2E6FF21DFF89A0047D17A /* PlaySoundsViewController+Audio.swift in Sources */ = {isa = PBXBuildFile; fileRef = 67A2E6FE21DFF89A0047D17A /* PlaySoundsViewController+Audio.swift */; };
/* End PBXBuildFile section */

/* Begin PBXContainerItemProxy section */
		67306E1D21DEBCDD008C955A /* PBXContainerItemProxy */ = {
			isa = PBXContainerItemProxy;
			containerPortal = 67306E0021DEBCDB008C955A /* Project object */;
			proxyType = 1;
			remoteGlobalIDString = 67306E0721DEBCDB008C955A;
			remoteInfo = PitchPerfect;
		};
		67306E2821DEBCDD008C955A /* PBXContainerItemProxy */ = {
			isa = PBXContainerItemProxy;
			containerPortal = 67306E0021DEBCDB008C955A /* Project object */;
			proxyType = 1;
			remoteGlobalIDString = 67306E0721DEBCDB008C955A;
			remoteInfo = PitchPerfect;
		};
/* End PBXContainerItemProxy section */

/* Begin PBXFileReference section */
		67306E0821DEBCDB008C955A /* PitchPerfect.app */ = {isa = PBXFileReference; explicitFileType = wrapper.application; includeInIndex = 0; path = PitchPerfect.app; sourceTree = BUILT_PRODUCTS_DIR; };
		67306E0B21DEBCDB008C955A /* AppDelegate.swift */ = {isa = PBXFileReference; lastKnownFileType = sourcecode.swift; path = AppDelegate.swift; sourceTree = "<group>"; };
		67306E0D21DEBCDB008C955A /* RecordSoundsViewController.swift */ = {isa = PBXFileReference; lastKnownFileType = sourcecode.swift; path = RecordSoundsViewController.swift; sourceTree = "<group>"; };
		67306E1021DEBCDB008C955A /* Base */ = {isa = PBXFileReference; lastKnownFileType = file.storyboard; name = Base; path = Base.lproj/Main.storyboard; sourceTree = "<group>"; };
		67306E1221DEBCDC008C955A /* Assets.xcassets */ = {isa = PBXFileReference; lastKnownFileType = folder.assetcatalog; path = Assets.xcassets; sourceTree = "<group>"; };
		67306E1521DEBCDC008C955A /* Base */ = {isa = PBXFileReference; lastKnownFileType = file.storyboard; name = Base; path = Base.lproj/LaunchScreen.storyboard; sourceTree = "<group>"; };
		67306E1721DEBCDC008C955A /* Info.plist */ = {isa = PBXFileReference; lastKnownFileType = text.plist.xml; path = Info.plist; sourceTree = "<group>"; };
		67306E1C21DEBCDD008C955A /* PitchPerfectTests.xctest */ = {isa = PBXFileReference; explicitFileType = wrapper.cfbundle; includeInIndex = 0; path = PitchPerfectTests.xctest; sourceTree = BUILT_PRODUCTS_DIR; };
		67306E2021DEBCDD008C955A /* PitchPerfectTests.swift */ = {isa = PBXFileReference; lastKnownFileType = sourcecode.swift; path = PitchPerfectTests.swift; sourceTree = "<group>"; };
		67306E2221DEBCDD008C955A /* Info.plist */ = {isa = PBXFileReference; lastKnownFileType = text.plist.xml; path = Info.plist; sourceTree = "<group>"; };
		67306E2721DEBCDD008C955A /* PitchPerfectUITests.xctest */ = {isa = PBXFileReference; explicitFileType = wrapper.cfbundle; includeInIndex = 0; path = PitchPerfectUITests.xctest; sourceTree = BUILT_PRODUCTS_DIR; };
		67306E2B21DEBCDD008C955A /* PitchPerfectUITests.swift */ = {isa = PBXFileReference; lastKnownFileType = sourcecode.swift; path = PitchPerfectUITests.swift; sourceTree = "<group>"; };
		67306E2D21DEBCDD008C955A /* Info.plist */ = {isa = PBXFileReference; lastKnownFileType = text.plist.xml; path = Info.plist; sourceTree = "<group>"; };
		678DE7A621DFEB7600653591 /* PlaySoundsViewController.swift */ = {isa = PBXFileReference; lastKnownFileType = sourcecode.swift; path = PlaySoundsViewController.swift; sourceTree = "<group>"; };
		67A2E6FE21DFF89A0047D17A /* PlaySoundsViewController+Audio.swift */ = {isa = PBXFileReference; lastKnownFileType = sourcecode.swift; path = "PlaySoundsViewController+Audio.swift"; sourceTree = "<group>"; };
/* End PBXFileReference section */

/* Begin PBXFrameworksBuildPhase section */
		67306E0521DEBCDB008C955A /* Frameworks */ = {
			isa = PBXFrameworksBuildPhase;
			buildActionMask = 2147483647;
			files = (
			);
			runOnlyForDeploymentPostprocessing = 0;
		};
		67306E1921DEBCDD008C955A /* Frameworks */ = {
			isa = PBXFrameworksBuildPhase;
			buildActionMask = 2147483647;
			files = (
			);
			runOnlyForDeploymentPostprocessing = 0;
		};
		67306E2421DEBCDD008C955A /* Frameworks */ = {
			isa = PBXFrameworksBuildPhase;
			buildActionMask = 2147483647;
			files = (
			);
			runOnlyForDeploymentPostprocessing = 0;
		};
/* End PBXFrameworksBuildPhase section */

/* Begin PBXGroup section */
		67306DFF21DEBCDB008C955A = {
			isa = PBXGroup;
			children = (
				67306E0A21DEBCDB008C955A /* PitchPerfect */,
				67306E1F21DEBCDD008C955A /* PitchPerfectTests */,
				67306E2A21DEBCDD008C955A /* PitchPerfectUITests */,
				67306E0921DEBCDB008C955A /* Products */,
			);
			sourceTree = "<group>";
		};
		67306E0921DEBCDB008C955A /* Products */ = {
			isa = PBXGroup;
			children = (
				67306E0821DEBCDB008C955A /* PitchPerfect.app */,
				67306E1C21DEBCDD008C955A /* PitchPerfectTests.xctest */,
				67306E2721DEBCDD008C955A /* PitchPerfectUITests.xctest */,
			);
			name = Products;
			sourceTree = "<group>";
		};
		67306E0A21DEBCDB008C955A /* PitchPerfect */ = {
			isa = PBXGroup;
			children = (
				67306E0B21DEBCDB008C955A /* AppDelegate.swift */,
				67306E0D21DEBCDB008C955A /* RecordSoundsViewController.swift */,
				678DE7A621DFEB7600653591 /* PlaySoundsViewController.swift */,
				67A2E6FE21DFF89A0047D17A /* PlaySoundsViewController+Audio.swift */,
				67306E0F21DEBCDB008C955A /* Main.storyboard */,
				67306E1221DEBCDC008C955A /* Assets.xcassets */,
				67306E1421DEBCDC008C955A /* LaunchScreen.storyboard */,
				67306E1721DEBCDC008C955A /* Info.plist */,
			);
			path = PitchPerfect;
			sourceTree = "<group>";
		};
		67306E1F21DEBCDD008C955A /* PitchPerfectTests */ = {
			isa = PBXGroup;
			children = (
				67306E2021DEBCDD008C955A /* PitchPerfectTests.swift */,
				67306E2221DEBCDD008C955A /* Info.plist */,
			);
			path = PitchPerfectTests;
			sourceTree = "<group>";
		};
		67306E2A21DEBCDD008C955A /* PitchPerfectUITests */ = {
			isa = PBXGroup;
			children = (
				67306E2B21DEBCDD008C955A /* PitchPerfectUITests.swift */,
				67306E2D21DEBCDD008C955A /* Info.plist */,
			);
			path = PitchPerfectUITests;
			sourceTree = "<group>";
		};
/* End PBXGroup section */

/* Begin PBXNativeTarget section */
		67306E0721DEBCDB008C955A /* PitchPerfect */ = {
			isa = PBXNativeTarget;
			buildConfigurationList = 67306E3021DEBCDD008C955A /* Build configuration list for PBXNativeTarget "PitchPerfect" */;
			buildPhases = (
				67306E0421DEBCDB008C955A /* Sources */,
				67306E0521DEBCDB008C955A /* Frameworks */,
				67306E0621DEBCDB008C955A /* Resources */,
			);
			buildRules = (
			);
			dependencies = (
			);
			name = PitchPerfect;
			productName = PitchPerfect;
			productReference = 67306E0821DEBCDB008C955A /* PitchPerfect.app */;
			productType = "com.apple.product-type.application";
		};
		67306E1B21DEBCDD008C955A /* PitchPerfectTests */ = {
			isa = PBXNativeTarget;
			buildConfigurationList = 67306E3321DEBCDD008C955A /* Build configuration list for PBXNativeTarget "PitchPerfectTests" */;
			buildPhases = (
				67306E1821DEBCDD008C955A /* Sources */,
				67306E1921DEBCDD008C955A /* Frameworks */,
				67306E1A21DEBCDD008C955A /* Resources */,
			);
			buildRules = (
			);
			dependencies = (
				67306E1E21DEBCDD008C955A /* PBXTargetDependency */,
			);
			name = PitchPerfectTests;
			productName = PitchPerfectTests;
			productReference = 67306E1C21DEBCDD008C955A /* PitchPerfectTests.xctest */;
			productType = "com.apple.product-type.bundle.unit-test";
		};
		67306E2621DEBCDD008C955A /* PitchPerfectUITests */ = {
			isa = PBXNativeTarget;
			buildConfigurationList = 67306E3621DEBCDD008C955A /* Build configuration list for PBXNativeTarget "PitchPerfectUITests" */;
			buildPhases = (
				67306E2321DEBCDD008C955A /* Sources */,
				67306E2421DEBCDD008C955A /* Frameworks */,
				67306E2521DEBCDD008C955A /* Resources */,
			);
			buildRules = (
			);
			dependencies = (
				67306E2921DEBCDD008C955A /* PBXTargetDependency */,
			);
			name = PitchPerfectUITests;
			productName = PitchPerfectUITests;
			productReference = 67306E2721DEBCDD008C955A /* PitchPerfectUITests.xctest */;
			productType = "com.apple.product-type.bundle.ui-testing";
		};
/* End PBXNativeTarget section */

/* Begin PBXProject section */
		67306E0021DEBCDB008C955A /* Project object */ = {
			isa = PBXProject;
			attributes = {
				LastSwiftUpdateCheck = 1010;
				LastUpgradeCheck = 1010;
				ORGANIZATIONNAME = JKnightApps;
				TargetAttributes = {
					67306E0721DEBCDB008C955A = {
						CreatedOnToolsVersion = 10.1;
					};
					67306E1B21DEBCDD008C955A = {
						CreatedOnToolsVersion = 10.1;
						TestTargetID = 67306E0721DEBCDB008C955A;
					};
					67306E2621DEBCDD008C955A = {
						CreatedOnToolsVersion = 10.1;
						TestTargetID = 67306E0721DEBCDB008C955A;
					};
				};
			};
			buildConfigurationList = 67306E0321DEBCDB008C955A /* Build configuration list for PBXProject "PitchPerfect" */;
			compatibilityVersion = "Xcode 9.3";
			developmentRegion = en;
			hasScannedForEncodings = 0;
			knownRegions = (
				en,
				Base,
			);
			mainGroup = 67306DFF21DEBCDB008C955A;
			productRefGroup = 67306E0921DEBCDB008C955A /* Products */;
			projectDirPath = "";
			projectRoot = "";
			targets = (
				67306E0721DEBCDB008C955A /* PitchPerfect */,
				67306E1B21DEBCDD008C955A /* PitchPerfectTests */,
				67306E2621DEBCDD008C955A /* PitchPerfectUITests */,
			);
		};
/* End PBXProject section */

/* Begin PBXResourcesBuildPhase section */
		67306E0621DEBCDB008C955A /* Resources */ = {
			isa = PBXResourcesBuildPhase;
			buildActionMask = 2147483647;
			files = (
				67306E1621DEBCDC008C955A /* LaunchScreen.storyboard in Resources */,
				67306E1321DEBCDC008C955A /* Assets.xcassets in Resources */,
				67306E1121DEBCDB008C955A /* Main.storyboard in Resources */,
			);
			runOnlyForDeploymentPostprocessing = 0;
		};
		67306E1A21DEBCDD008C955A /* Resources */ = {
			isa = PBXResourcesBuildPhase;
			buildActionMask = 2147483647;
			files = (
			);
			runOnlyForDeploymentPostprocessing = 0;
		};
		67306E2521DEBCDD008C955A /* Resources */ = {
			isa = PBXResourcesBuildPhase;
			buildActionMask = 2147483647;
			files = (
			);
			runOnlyForDeploymentPostprocessing = 0;
		};
/* End PBXResourcesBuildPhase section */

/* Begin PBXSourcesBuildPhase section */
		67306E0421DEBCDB008C955A /* Sources */ = {
			isa = PBXSourcesBuildPhase;
			buildActionMask = 2147483647;
			files = (
				67306E0E21DEBCDB008C955A /* RecordSoundsViewController.swift in Sources */,
				67A2E6FF21DFF89A0047D17A /* PlaySoundsViewController+Audio.swift in Sources */,
				678DE7A721DFEB7600653591 /* PlaySoundsViewController.swift in Sources */,
				67306E0C21DEBCDB008C955A /* AppDelegate.swift in Sources */,
			);
			runOnlyForDeploymentPostprocessing = 0;
		};
		67306E1821DEBCDD008C955A /* Sources */ = {
			isa = PBXSourcesBuildPhase;
			buildActionMask = 2147483647;
			files = (
				67306E2121DEBCDD008C955A /* PitchPerfectTests.swift in Sources */,
			);
			runOnlyForDeploymentPostprocessing = 0;
		};
		67306E2321DEBCDD008C955A /* Sources */ = {
			isa = PBXSourcesBuildPhase;
			buildActionMask = 2147483647;
			files = (
				67306E2C21DEBCDD008C955A /* PitchPerfectUITests.swift in Sources */,
			);
			runOnlyForDeploymentPostprocessing = 0;
		};
/* End PBXSourcesBuildPhase section */

/* Begin PBXTargetDependency section */
		67306E1E21DEBCDD008C955A /* PBXTargetDependency */ = {
			isa = PBXTargetDependency;
			target = 67306E0721DEBCDB008C955A /* PitchPerfect */;
			targetProxy = 67306E1D21DEBCDD008C955A /* PBXContainerItemProxy */;
		};
		67306E2921DEBCDD008C955A /* PBXTargetDependency */ = {
			isa = PBXTargetDependency;
			target = 67306E0721DEBCDB008C955A /* PitchPerfect */;
			targetProxy = 67306E2821DEBCDD008C955A /* PBXContainerItemProxy */;
		};
/* End PBXTargetDependency section */

/* Begin PBXVariantGroup section */
		67306E0F21DEBCDB008C955A /* Main.storyboard */ = {
			isa = PBXVariantGroup;
			children = (
				67306E1021DEBCDB008C955A /* Base */,
			);
			name = Main.storyboard;
			sourceTree = "<group>";
		};
		67306E1421DEBCDC008C955A /* LaunchScreen.storyboard */ = {
			isa = PBXVariantGroup;
			children = (
				67306E1521DEBCDC008C955A /* Base */,
			);
			name = LaunchScreen.storyboard;
			sourceTree = "<group>";
		};
/* End PBXVariantGroup section */

/* Begin XCBuildConfiguration section */
		67306E2E21DEBCDD008C955A /* Debug */ = {
			isa = XCBuildConfiguration;
			buildSettings = {
				ALWAYS_SEARCH_USER_PATHS = NO;
				CLANG_ANALYZER_NONNULL = YES;
				CLANG_ANALYZER_NUMBER_OBJECT_CONVERSION = YES_AGGRESSIVE;
				CLANG_CXX_LANGUAGE_STANDARD = "gnu++14";
				CLANG_CXX_LIBRARY = "libc++";
				CLANG_ENABLE_MODULES = YES;
				CLANG_ENABLE_OBJC_ARC = YES;
				CLANG_ENABLE_OBJC_WEAK = YES;
				CLANG_WARN_BLOCK_CAPTURE_AUTORELEASING = YES;
				CLANG_WARN_BOOL_CONVERSION = YES;
				CLANG_WARN_COMMA = YES;
				CLANG_WARN_CONSTANT_CONVERSION = YES;
				CLANG_WARN_DEPRECATED_OBJC_IMPLEMENTATIONS = YES;
				CLANG_WARN_DIRECT_OBJC_ISA_USAGE = YES_ERROR;
				CLANG_WARN_DOCUMENTATION_COMMENTS = YES;
				CLANG_WARN_EMPTY_BODY = YES;
				CLANG_WARN_ENUM_CONVERSION = YES;
				CLANG_WARN_INFINITE_RECURSION = YES;
				CLANG_WARN_INT_CONVERSION = YES;
				CLANG_WARN_NON_LITERAL_NULL_CONVERSION = YES;
				CLANG_WARN_OBJC_IMPLICIT_RETAIN_SELF = YES;
				CLANG_WARN_OBJC_LITERAL_CONVERSION = YES;
				CLANG_WARN_OBJC_ROOT_CLASS = YES_ERROR;
				CLANG_WARN_RANGE_LOOP_ANALYSIS = YES;
				CLANG_WARN_STRICT_PROTOTYPES = YES;
				CLANG_WARN_SUSPICIOUS_MOVE = YES;
				CLANG_WARN_UNGUARDED_AVAILABILITY = YES_AGGRESSIVE;
				CLANG_WARN_UNREACHABLE_CODE = YES;
				CLANG_WARN__DUPLICATE_METHOD_MATCH = YES;
				CODE_SIGN_IDENTITY = "iPhone Developer";
				COPY_PHASE_STRIP = NO;
				DEBUG_INFORMATION_FORMAT = dwarf;
				ENABLE_STRICT_OBJC_MSGSEND = YES;
				ENABLE_TESTABILITY = YES;
				GCC_C_LANGUAGE_STANDARD = gnu11;
				GCC_DYNAMIC_NO_PIC = NO;
				GCC_NO_COMMON_BLOCKS = YES;
				GCC_OPTIMIZATION_LEVEL = 0;
				GCC_PREPROCESSOR_DEFINITIONS = (
					"DEBUG=1",
					"$(inherited)",
				);
				GCC_WARN_64_TO_32_BIT_CONVERSION = YES;
				GCC_WARN_ABOUT_RETURN_TYPE = YES_ERROR;
				GCC_WARN_UNDECLARED_SELECTOR = YES;
				GCC_WARN_UNINITIALIZED_AUTOS = YES_AGGRESSIVE;
				GCC_WARN_UNUSED_FUNCTION = YES;
				GCC_WARN_UNUSED_VARIABLE = YES;
				IPHONEOS_DEPLOYMENT_TARGET = 12.1;
				MTL_ENABLE_DEBUG_INFO = INCLUDE_SOURCE;
				MTL_FAST_MATH = YES;
				ONLY_ACTIVE_ARCH = YES;
				SDKROOT = iphoneos;
				SWIFT_ACTIVE_COMPILATION_CONDITIONS = DEBUG;
				SWIFT_OPTIMIZATION_LEVEL = "-Onone";
			};
			name = Debug;
		};
		67306E2F21DEBCDD008C955A /* Release */ = {
			isa = XCBuildConfiguration;
			buildSettings = {
				ALWAYS_SEARCH_USER_PATHS = NO;
				CLANG_ANALYZER_NONNULL = YES;
				CLANG_ANALYZER_NUMBER_OBJECT_CONVERSION = YES_AGGRESSIVE;
				CLANG_CXX_LANGUAGE_STANDARD = "gnu++14";
				CLANG_CXX_LIBRARY = "libc++";
				CLANG_ENABLE_MODULES = YES;
				CLANG_ENABLE_OBJC_ARC = YES;
				CLANG_ENABLE_OBJC_WEAK = YES;
				CLANG_WARN_BLOCK_CAPTURE_AUTORELEASING = YES;
				CLANG_WARN_BOOL_CONVERSION = YES;
				CLANG_WARN_COMMA = YES;
				CLANG_WARN_CONSTANT_CONVERSION = YES;
				CLANG_WARN_DEPRECATED_OBJC_IMPLEMENTATIONS = YES;
				CLANG_WARN_DIRECT_OBJC_ISA_USAGE = YES_ERROR;
				CLANG_WARN_DOCUMENTATION_COMMENTS = YES;
				CLANG_WARN_EMPTY_BODY = YES;
				CLANG_WARN_ENUM_CONVERSION = YES;
				CLANG_WARN_INFINITE_RECURSION = YES;
				CLANG_WARN_INT_CONVERSION = YES;
				CLANG_WARN_NON_LITERAL_NULL_CONVERSION = YES;
				CLANG_WARN_OBJC_IMPLICIT_RETAIN_SELF = YES;
				CLANG_WARN_OBJC_LITERAL_CONVERSION = YES;
				CLANG_WARN_OBJC_ROOT_CLASS = YES_ERROR;
				CLANG_WARN_RANGE_LOOP_ANALYSIS = YES;
				CLANG_WARN_STRICT_PROTOTYPES = YES;
				CLANG_WARN_SUSPICIOUS_MOVE = YES;
				CLANG_WARN_UNGUARDED_AVAILABILITY = YES_AGGRESSIVE;
				CLANG_WARN_UNREACHABLE_CODE = YES;
				CLANG_WARN__DUPLICATE_METHOD_MATCH = YES;
				CODE_SIGN_IDENTITY = "iPhone Developer";
				COPY_PHASE_STRIP = NO;
				DEBUG_INFORMATION_FORMAT = "dwarf-with-dsym";
				ENABLE_NS_ASSERTIONS = NO;
				ENABLE_STRICT_OBJC_MSGSEND = YES;
				GCC_C_LANGUAGE_STANDARD = gnu11;
				GCC_NO_COMMON_BLOCKS = YES;
				GCC_WARN_64_TO_32_BIT_CONVERSION = YES;
				GCC_WARN_ABOUT_RETURN_TYPE = YES_ERROR;
				GCC_WARN_UNDECLARED_SELECTOR = YES;
				GCC_WARN_UNINITIALIZED_AUTOS = YES_AGGRESSIVE;
				GCC_WARN_UNUSED_FUNCTION = YES;
				GCC_WARN_UNUSED_VARIABLE = YES;
				IPHONEOS_DEPLOYMENT_TARGET = 12.1;
				MTL_ENABLE_DEBUG_INFO = NO;
				MTL_FAST_MATH = YES;
				SDKROOT = iphoneos;
				SWIFT_COMPILATION_MODE = wholemodule;
				SWIFT_OPTIMIZATION_LEVEL = "-O";
				VALIDATE_PRODUCT = YES;
			};
			name = Release;
		};
		67306E3121DEBCDD008C955A /* Debug */ = {
			isa = XCBuildConfiguration;
			buildSettings = {
				ASSETCATALOG_COMPILER_APPICON_NAME = AppIcon;
				CODE_SIGN_STYLE = Automatic;
				INFOPLIST_FILE = PitchPerfect/Info.plist;
				LD_RUNPATH_SEARCH_PATHS = (
					"$(inherited)",
					"@executable_path/Frameworks",
				);
				PRODUCT_BUNDLE_IDENTIFIER = com.jknightapps.PitchPerfect;
				PRODUCT_NAME = "$(TARGET_NAME)";
				SWIFT_VERSION = 4.2;
				TARGETED_DEVICE_FAMILY = "1,2";
			};
			name = Debug;
		};
		67306E3221DEBCDD008C955A /* Release */ = {
			isa = XCBuildConfiguration;
			buildSettings = {
				ASSETCATALOG_COMPILER_APPICON_NAME = AppIcon;
				CODE_SIGN_STYLE = Automatic;
				INFOPLIST_FILE = PitchPerfect/Info.plist;
				LD_RUNPATH_SEARCH_PATHS = (
					"$(inherited)",
					"@executable_path/Frameworks",
				);
				PRODUCT_BUNDLE_IDENTIFIER = com.jknightapps.PitchPerfect;
				PRODUCT_NAME = "$(TARGET_NAME)";
				SWIFT_VERSION = 4.2;
				TARGETED_DEVICE_FAMILY = "1,2";
			};
			name = Release;
		};
		67306E3421DEBCDD008C955A /* Debug */ = {
			isa = XCBuildConfiguration;
			buildSettings = {
				ALWAYS_EMBED_SWIFT_STANDARD_LIBRARIES = YES;
				BUNDLE_LOADER = "$(TEST_HOST)";
				CODE_SIGN_STYLE = Automatic;
				INFOPLIST_FILE = PitchPerfectTests/Info.plist;
				LD_RUNPATH_SEARCH_PATHS = (
					"$(inherited)",
					"@executable_path/Frameworks",
					"@loader_path/Frameworks",
				);
				PRODUCT_BUNDLE_IDENTIFIER = com.jknightapps.PitchPerfectTests;
				PRODUCT_NAME = "$(TARGET_NAME)";
				SWIFT_VERSION = 4.2;
				TARGETED_DEVICE_FAMILY = "1,2";
				TEST_HOST = "$(BUILT_PRODUCTS_DIR)/PitchPerfect.app/PitchPerfect";
			};
			name = Debug;
		};
		67306E3521DEBCDD008C955A /* Release */ = {
			isa = XCBuildConfiguration;
			buildSettings = {
				ALWAYS_EMBED_SWIFT_STANDARD_LIBRARIES = YES;
				BUNDLE_LOADER = "$(TEST_HOST)";
				CODE_SIGN_STYLE = Automatic;
				INFOPLIST_FILE = PitchPerfectTests/Info.plist;
				LD_RUNPATH_SEARCH_PATHS = (
					"$(inherited)",
					"@executable_path/Frameworks",
					"@loader_path/Frameworks",
				);
				PRODUCT_BUNDLE_IDENTIFIER = com.jknightapps.PitchPerfectTests;
				PRODUCT_NAME = "$(TARGET_NAME)";
				SWIFT_VERSION = 4.2;
				TARGETED_DEVICE_FAMILY = "1,2";
				TEST_HOST = "$(BUILT_PRODUCTS_DIR)/PitchPerfect.app/PitchPerfect";
			};
			name = Release;
		};
		67306E3721DEBCDD008C955A /* Debug */ = {
			isa = XCBuildConfiguration;
			buildSettings = {
				ALWAYS_EMBED_SWIFT_STANDARD_LIBRARIES = YES;
				CODE_SIGN_STYLE = Automatic;
				INFOPLIST_FILE = PitchPerfectUITests/Info.plist;
				LD_RUNPATH_SEARCH_PATHS = (
					"$(inherited)",
					"@executable_path/Frameworks",
					"@loader_path/Frameworks",
				);
				PRODUCT_BUNDLE_IDENTIFIER = com.jknightapps.PitchPerfectUITests;
				PRODUCT_NAME = "$(TARGET_NAME)";
				SWIFT_VERSION = 4.2;
				TARGETED_DEVICE_FAMILY = "1,2";
				TEST_TARGET_NAME = PitchPerfect;
			};
			name = Debug;
		};
		67306E3821DEBCDD008C955A /* Release */ = {
			isa = XCBuildConfiguration;
			buildSettings = {
				ALWAYS_EMBED_SWIFT_STANDARD_LIBRARIES = YES;
				CODE_SIGN_STYLE = Automatic;
				INFOPLIST_FILE = PitchPerfectUITests/Info.plist;
				LD_RUNPATH_SEARCH_PATHS = (
					"$(inherited)",
					"@executable_path/Frameworks",
					"@loader_path/Frameworks",
				);
				PRODUCT_BUNDLE_IDENTIFIER = com.jknightapps.PitchPerfectUITests;
				PRODUCT_NAME = "$(TARGET_NAME)";
				SWIFT_VERSION = 4.2;
				TARGETED_DEVICE_FAMILY = "1,2";
				TEST_TARGET_NAME = PitchPerfect;
			};
			name = Release;
		};
/* End XCBuildConfiguration section */

/* Begin XCConfigurationList section */
		67306E0321DEBCDB008C955A /* Build configuration list for PBXProject "PitchPerfect" */ = {
			isa = XCConfigurationList;
			buildConfigurations = (
				67306E2E21DEBCDD008C955A /* Debug */,
				67306E2F21DEBCDD008C955A /* Release */,
			);
			defaultConfigurationIsVisible = 0;
			defaultConfigurationName = Release;
		};
		67306E3021DEBCDD008C955A /* Build configuration list for PBXNativeTarget "PitchPerfect" */ = {
			isa = XCConfigurationList;
			buildConfigurations = (
				67306E3121DEBCDD008C955A /* Debug */,
				67306E3221DEBCDD008C955A /* Release */,
			);
			defaultConfigurationIsVisible = 0;
			defaultConfigurationName = Release;
		};
		67306E3321DEBCDD008C955A /* Build configuration list for PBXNativeTarget "PitchPerfectTests" */ = {
			isa = XCConfigurationList;
			buildConfigurations = (
				67306E3421DEBCDD008C955A /* Debug */,
				67306E3521DEBCDD008C955A /* Release */,
			);
			defaultConfigurationIsVisible = 0;
			defaultConfigurationName = Release;
		};
		67306E3621DEBCDD008C955A /* Build configuration list for PBXNativeTarget "PitchPerfectUITests" */ = {
			isa = XCConfigurationList;
			buildConfigurations = (
				67306E3721DEBCDD008C955A /* Debug */,
				67306E3821DEBCDD008C955A /* Release */,
			);
			defaultConfigurationIsVisible = 0;
			defaultConfigurationName = Release;
		};
/* End XCConfigurationList section */
	};
	rootObject = 67306E0021DEBCDB008C955A /* Project object */;
}
